# THIS IS AN AUTOGENERATED FILE. DO NOT EDIT THIS FILE DIRECTLY.
# yarn lockfile v1


"@js-joda/core@3.2.0":
  version "3.2.0"
  resolved "https://registry.yarnpkg.com/@js-joda/core/-/core-3.2.0.tgz#3e61e21b7b2b8a6be746df1335cf91d70db2a273"
  integrity sha512-PMqgJ0sw5B7FKb2d5bWYIoxjri+QlW/Pys7+Rw82jSH0QN3rB05jZ/VrrsUdh1w4+i2kw9JOejXGq/KhDOX7Kg==

format-util@^1.0.5:
  version "1.0.5"
  resolved "https://registry.yarnpkg.com/format-util/-/format-util-1.0.5.tgz#1ffb450c8a03e7bccffe40643180918cc297d271"
  integrity sha512-varLbTj0e0yVyRpqQhuWV+8hlePAgaoFRhNFj50BNjEIrw1/DphHSObtqwskVCPWNgzwPoQrZAbfa/SBiicNeg==

pako@2.1.0:
  version "2.1.0"
  resolved "https://registry.yarnpkg.com/pako/-/pako-2.1.0.tgz#266cc37f98c7d883545d11335c00fbd4062c9a86"
  integrity sha512-w+eufiZ1WuJYgPXbV/PO3NCMEc3xqylkKHzp8bxp1uW4qaSNQUkwmLLEc3kKsfz8lpV1F8Ht3U1Cm+9Srog2ug==

typescript@5.0.4:
  version "5.0.4"
  resolved "https://registry.yarnpkg.com/typescript/-/typescript-5.0.4.tgz#b217fd20119bd61a94d4011274e0ab369058da3b"
  integrity sha512-cW9T5W9xY37cc+jfEnaUvX91foxtHkza3Nw3wkoF4sSlKn0MONdkdEndig/qPBWXNkmplh3NzayQzCiHM4/hqw==
